
Microsoft Visual Studio Solution File, Format Version 12.00
# Visual Studio Version 16
VisualStudioVersion = 16.0.29411.108
MinimumVisualStudioVersion = 10.0.40219.1
Project("{8BC9CEB8-8B4A-11D0-8D11-00A0C91BC942}") = "made_algo_hw1_task1", "made_algo_hw1_task1\made_algo_hw1_task1.vcxproj", "{62E5770C-C0AF-4C7D-AD55-DD88B01C12C0}"
EndProject
Project("{8BC9CEB8-8B4A-11D0-8D11-00A0C91BC942}") = "made_algo_hw1_task2", "made_algo_hw1_task2\made_algo_hw1_task2.vcxproj", "{1A9EA5D4-1E0E-4525-9A67-8670BD3B2716}"
EndProject
Project("{8BC9CEB8-8B4A-11D0-8D11-00A0C91BC942}") = "made_algo_hw2_task3", "made_algo_hw2_task3\made_algo_hw2_task3.vcxproj", "{FB89AB7E-9E29-4AD1-9E95-E556A7A4F07B}"
EndProject
Project("{8BC9CEB8-8B4A-11D0-8D11-00A0C91BC942}") = "made_algo_hw2_task4", "made_algo_hw2_task4\made_algo_hw2_task4.vcxproj", "{1F454905-80BB-4A61-9561-6B73F874233C}"
EndProject
Project("{8BC9CEB8-8B4A-11D0-8D11-00A0C91BC942}") = "made_algo_hw3_task6", "made_algo_hw3_task6\made_algo_hw3_task6.vcxproj", "{10E8562F-DF8D-4B3B-B61F-D03CB18D2D1B}"
EndProject
Project("{8BC9CEB8-8B4A-11D0-8D11-00A0C91BC942}") = "made_algo_hw3_task7", "made_algo_hw3_task7\made_algo_hw3_task7.vcxproj", "{64DA4782-A842-4C8D-888B-CB10023FF76D}"
EndProject
Project("{8BC9CEB8-8B4A-11D0-8D11-00A0C91BC942}") = "made_algo_hw4_task8", "made_algo_hw4_task8\made_algo_hw4_task8.vcxproj", "{F48B71C6-4AA1-4A54-BCC5-EF3126EB582F}"
EndProject
Project("{8BC9CEB8-8B4A-11D0-8D11-00A0C91BC942}") = "made_algo_hw5_task9", "made_algo_hw5_task9\made_algo_hw5_task9.vcxproj", "{98EABD5C-6678-4593-995C-0353979C1217}"
EndProject
Project("{8BC9CEB8-8B4A-11D0-8D11-00A0C91BC942}") = "made_algo_competition2", "made_algo_competition2\made_algo_competition2.vcxproj", "{0879C71C-A32C-4FB1-8248-9EAF5F0A4CA3}"
EndProject
Project("{8BC9CEB8-8B4A-11D0-8D11-00A0C91BC942}") = "made_algo_hw6_task11", "made_algo_hw6_task11\made_algo_hw6_task11.vcxproj", "{EDFB770C-F753-44A8-8B50-E7BF78A38714}"
EndProject
Project("{8BC9CEB8-8B4A-11D0-8D11-00A0C91BC942}") = "made_algo_hw6_task12", "made_algo_hw6_task12\made_algo_hw6_task12.vcxproj", "{F625B0DB-A128-418B-BC98-7872E85BDCA9}"
EndProject
Project("{8BC9CEB8-8B4A-11D0-8D11-00A0C91BC942}") = "made_algo_hw7_task13", "made_algo_hw7_task13\made_algo_hw7_task13.vcxproj", "{5FEBD49C-79A8-4101-92A2-10E86B2920E1}"
EndProject
Project("{8BC9CEB8-8B4A-11D0-8D11-00A0C91BC942}") = "made_algo_hw7_task14", "made_algo_hw7_task14\made_algo_hw7_task14.vcxproj", "{D2B63451-1762-4E03-9935-108F19A54E74}"
EndProject
Project("{8BC9CEB8-8B4A-11D0-8D11-00A0C91BC942}") = "made_algo_hw7_task15", "made_algo_hw7_task15\made_algo_hw7_task15.vcxproj", "{EEEEC0D8-6864-45E5-8633-4C4F4B9A99BA}"
EndProject
Project("{8BC9CEB8-8B4A-11D0-8D11-00A0C91BC942}") = "made_algo_hw8_task16", "made_algo_hw8_task16\made_algo_hw8_task16.vcxproj", "{D83C387B-FB43-4FD4-952A-9EA9D6CC8910}"
EndProject
Project("{8BC9CEB8-8B4A-11D0-8D11-00A0C91BC942}") = "made_algo_hw8_task17", "made_algo_hw8_task17\made_algo_hw8_task17.vcxproj", "{63E234EE-4CE8-4BE4-804C-92DE7E5DBC86}"
EndProject
Project("{8BC9CEB8-8B4A-11D0-8D11-00A0C91BC942}") = "made_algo_hw9_task18", "made_algo_hw9_task18\made_algo_hw9_task18.vcxproj", "{9F11EE71-C14A-4FDD-A354-E15BEA8B5895}"
EndProject
Project("{8BC9CEB8-8B4A-11D0-8D11-00A0C91BC942}") = "made_algo_hw9_task19", "made_algo_hw9_task19\made_algo_hw9_task19.vcxproj", "{701DC422-FE86-4800-B98E-17F101B62611}"
EndProject
Global
	GlobalSection(SolutionConfigurationPlatforms) = preSolution
		Debug|x64 = Debug|x64
		Debug|x86 = Debug|x86
		Release|x64 = Release|x64
		Release|x86 = Release|x86
	EndGlobalSection
	GlobalSection(ProjectConfigurationPlatforms) = postSolution
		{62E5770C-C0AF-4C7D-AD55-DD88B01C12C0}.Debug|x64.ActiveCfg = Debug|x64
		{62E5770C-C0AF-4C7D-AD55-DD88B01C12C0}.Debug|x64.Build.0 = Debug|x64
		{62E5770C-C0AF-4C7D-AD55-DD88B01C12C0}.Debug|x86.ActiveCfg = Debug|Win32
		{62E5770C-C0AF-4C7D-AD55-DD88B01C12C0}.Debug|x86.Build.0 = Debug|Win32
		{62E5770C-C0AF-4C7D-AD55-DD88B01C12C0}.Release|x64.ActiveCfg = Release|x64
		{62E5770C-C0AF-4C7D-AD55-DD88B01C12C0}.Release|x64.Build.0 = Release|x64
		{62E5770C-C0AF-4C7D-AD55-DD88B01C12C0}.Release|x86.ActiveCfg = Release|Win32
		{62E5770C-C0AF-4C7D-AD55-DD88B01C12C0}.Release|x86.Build.0 = Release|Win32
		{1A9EA5D4-1E0E-4525-9A67-8670BD3B2716}.Debug|x64.ActiveCfg = Debug|x64
		{1A9EA5D4-1E0E-4525-9A67-8670BD3B2716}.Debug|x64.Build.0 = Debug|x64
		{1A9EA5D4-1E0E-4525-9A67-8670BD3B2716}.Debug|x86.ActiveCfg = Debug|Win32
		{1A9EA5D4-1E0E-4525-9A67-8670BD3B2716}.Debug|x86.Build.0 = Debug|Win32
		{1A9EA5D4-1E0E-4525-9A67-8670BD3B2716}.Release|x64.ActiveCfg = Release|x64
		{1A9EA5D4-1E0E-4525-9A67-8670BD3B2716}.Release|x64.Build.0 = Release|x64
		{1A9EA5D4-1E0E-4525-9A67-8670BD3B2716}.Release|x86.ActiveCfg = Release|Win32
		{1A9EA5D4-1E0E-4525-9A67-8670BD3B2716}.Release|x86.Build.0 = Release|Win32
		{FB89AB7E-9E29-4AD1-9E95-E556A7A4F07B}.Debug|x64.ActiveCfg = Debug|x64
		{FB89AB7E-9E29-4AD1-9E95-E556A7A4F07B}.Debug|x64.Build.0 = Debug|x64
		{FB89AB7E-9E29-4AD1-9E95-E556A7A4F07B}.Debug|x86.ActiveCfg = Debug|Win32
		{FB89AB7E-9E29-4AD1-9E95-E556A7A4F07B}.Debug|x86.Build.0 = Debug|Win32
		{FB89AB7E-9E29-4AD1-9E95-E556A7A4F07B}.Release|x64.ActiveCfg = Release|x64
		{FB89AB7E-9E29-4AD1-9E95-E556A7A4F07B}.Release|x64.Build.0 = Release|x64
		{FB89AB7E-9E29-4AD1-9E95-E556A7A4F07B}.Release|x86.ActiveCfg = Release|Win32
		{FB89AB7E-9E29-4AD1-9E95-E556A7A4F07B}.Release|x86.Build.0 = Release|Win32
		{1F454905-80BB-4A61-9561-6B73F874233C}.Debug|x64.ActiveCfg = Debug|x64
		{1F454905-80BB-4A61-9561-6B73F874233C}.Debug|x64.Build.0 = Debug|x64
		{1F454905-80BB-4A61-9561-6B73F874233C}.Debug|x86.ActiveCfg = Debug|Win32
		{1F454905-80BB-4A61-9561-6B73F874233C}.Debug|x86.Build.0 = Debug|Win32
		{1F454905-80BB-4A61-9561-6B73F874233C}.Release|x64.ActiveCfg = Release|x64
		{1F454905-80BB-4A61-9561-6B73F874233C}.Release|x64.Build.0 = Release|x64
		{1F454905-80BB-4A61-9561-6B73F874233C}.Release|x86.ActiveCfg = Release|Win32
		{1F454905-80BB-4A61-9561-6B73F874233C}.Release|x86.Build.0 = Release|Win32
		{10E8562F-DF8D-4B3B-B61F-D03CB18D2D1B}.Debug|x64.ActiveCfg = Debug|x64
		{10E8562F-DF8D-4B3B-B61F-D03CB18D2D1B}.Debug|x64.Build.0 = Debug|x64
		{10E8562F-DF8D-4B3B-B61F-D03CB18D2D1B}.Debug|x86.ActiveCfg = Debug|Win32
		{10E8562F-DF8D-4B3B-B61F-D03CB18D2D1B}.Debug|x86.Build.0 = Debug|Win32
		{10E8562F-DF8D-4B3B-B61F-D03CB18D2D1B}.Release|x64.ActiveCfg = Release|x64
		{10E8562F-DF8D-4B3B-B61F-D03CB18D2D1B}.Release|x64.Build.0 = Release|x64
		{10E8562F-DF8D-4B3B-B61F-D03CB18D2D1B}.Release|x86.ActiveCfg = Release|Win32
		{10E8562F-DF8D-4B3B-B61F-D03CB18D2D1B}.Release|x86.Build.0 = Release|Win32
		{64DA4782-A842-4C8D-888B-CB10023FF76D}.Debug|x64.ActiveCfg = Debug|x64
		{64DA4782-A842-4C8D-888B-CB10023FF76D}.Debug|x64.Build.0 = Debug|x64
		{64DA4782-A842-4C8D-888B-CB10023FF76D}.Debug|x86.ActiveCfg = Debug|Win32
		{64DA4782-A842-4C8D-888B-CB10023FF76D}.Debug|x86.Build.0 = Debug|Win32
		{64DA4782-A842-4C8D-888B-CB10023FF76D}.Release|x64.ActiveCfg = Release|x64
		{64DA4782-A842-4C8D-888B-CB10023FF76D}.Release|x64.Build.0 = Release|x64
		{64DA4782-A842-4C8D-888B-CB10023FF76D}.Release|x86.ActiveCfg = Release|Win32
		{64DA4782-A842-4C8D-888B-CB10023FF76D}.Release|x86.Build.0 = Release|Win32
		{F48B71C6-4AA1-4A54-BCC5-EF3126EB582F}.Debug|x64.ActiveCfg = Debug|x64
		{F48B71C6-4AA1-4A54-BCC5-EF3126EB582F}.Debug|x64.Build.0 = Debug|x64
		{F48B71C6-4AA1-4A54-BCC5-EF3126EB582F}.Debug|x86.ActiveCfg = Debug|Win32
		{F48B71C6-4AA1-4A54-BCC5-EF3126EB582F}.Debug|x86.Build.0 = Debug|Win32
		{F48B71C6-4AA1-4A54-BCC5-EF3126EB582F}.Release|x64.ActiveCfg = Release|x64
		{F48B71C6-4AA1-4A54-BCC5-EF3126EB582F}.Release|x64.Build.0 = Release|x64
		{F48B71C6-4AA1-4A54-BCC5-EF3126EB582F}.Release|x86.ActiveCfg = Release|Win32
		{F48B71C6-4AA1-4A54-BCC5-EF3126EB582F}.Release|x86.Build.0 = Release|Win32
		{98EABD5C-6678-4593-995C-0353979C1217}.Debug|x64.ActiveCfg = Debug|x64
		{98EABD5C-6678-4593-995C-0353979C1217}.Debug|x64.Build.0 = Debug|x64
		{98EABD5C-6678-4593-995C-0353979C1217}.Debug|x86.ActiveCfg = Debug|Win32
		{98EABD5C-6678-4593-995C-0353979C1217}.Debug|x86.Build.0 = Debug|Win32
		{98EABD5C-6678-4593-995C-0353979C1217}.Release|x64.ActiveCfg = Release|x64
		{98EABD5C-6678-4593-995C-0353979C1217}.Release|x64.Build.0 = Release|x64
		{98EABD5C-6678-4593-995C-0353979C1217}.Release|x86.ActiveCfg = Release|Win32
		{98EABD5C-6678-4593-995C-0353979C1217}.Release|x86.Build.0 = Release|Win32
		{0879C71C-A32C-4FB1-8248-9EAF5F0A4CA3}.Debug|x64.ActiveCfg = Debug|x64
		{0879C71C-A32C-4FB1-8248-9EAF5F0A4CA3}.Debug|x64.Build.0 = Debug|x64
		{0879C71C-A32C-4FB1-8248-9EAF5F0A4CA3}.Debug|x86.ActiveCfg = Debug|Win32
		{0879C71C-A32C-4FB1-8248-9EAF5F0A4CA3}.Debug|x86.Build.0 = Debug|Win32
		{0879C71C-A32C-4FB1-8248-9EAF5F0A4CA3}.Release|x64.ActiveCfg = Release|x64
		{0879C71C-A32C-4FB1-8248-9EAF5F0A4CA3}.Release|x64.Build.0 = Release|x64
		{0879C71C-A32C-4FB1-8248-9EAF5F0A4CA3}.Release|x86.ActiveCfg = Release|Win32
		{0879C71C-A32C-4FB1-8248-9EAF5F0A4CA3}.Release|x86.Build.0 = Release|Win32
		{EDFB770C-F753-44A8-8B50-E7BF78A38714}.Debug|x64.ActiveCfg = Debug|x64
		{EDFB770C-F753-44A8-8B50-E7BF78A38714}.Debug|x64.Build.0 = Debug|x64
		{EDFB770C-F753-44A8-8B50-E7BF78A38714}.Debug|x86.ActiveCfg = Debug|Win32
		{EDFB770C-F753-44A8-8B50-E7BF78A38714}.Debug|x86.Build.0 = Debug|Win32
		{EDFB770C-F753-44A8-8B50-E7BF78A38714}.Release|x64.ActiveCfg = Release|x64
		{EDFB770C-F753-44A8-8B50-E7BF78A38714}.Release|x64.Build.0 = Release|x64
		{EDFB770C-F753-44A8-8B50-E7BF78A38714}.Release|x86.ActiveCfg = Release|Win32
		{EDFB770C-F753-44A8-8B50-E7BF78A38714}.Release|x86.Build.0 = Release|Win32
		{F625B0DB-A128-418B-BC98-7872E85BDCA9}.Debug|x64.ActiveCfg = Debug|x64
		{F625B0DB-A128-418B-BC98-7872E85BDCA9}.Debug|x64.Build.0 = Debug|x64
		{F625B0DB-A128-418B-BC98-7872E85BDCA9}.Debug|x86.ActiveCfg = Debug|Win32
		{F625B0DB-A128-418B-BC98-7872E85BDCA9}.Debug|x86.Build.0 = Debug|Win32
		{F625B0DB-A128-418B-BC98-7872E85BDCA9}.Release|x64.ActiveCfg = Release|x64
		{F625B0DB-A128-418B-BC98-7872E85BDCA9}.Release|x64.Build.0 = Release|x64
		{F625B0DB-A128-418B-BC98-7872E85BDCA9}.Release|x86.ActiveCfg = Release|Win32
		{F625B0DB-A128-418B-BC98-7872E85BDCA9}.Release|x86.Build.0 = Release|Win32
		{5FEBD49C-79A8-4101-92A2-10E86B2920E1}.Debug|x64.ActiveCfg = Debug|x64
		{5FEBD49C-79A8-4101-92A2-10E86B2920E1}.Debug|x64.Build.0 = Debug|x64
		{5FEBD49C-79A8-4101-92A2-10E86B2920E1}.Debug|x86.ActiveCfg = Debug|Win32
		{5FEBD49C-79A8-4101-92A2-10E86B2920E1}.Debug|x86.Build.0 = Debug|Win32
		{5FEBD49C-79A8-4101-92A2-10E86B2920E1}.Release|x64.ActiveCfg = Release|x64
		{5FEBD49C-79A8-4101-92A2-10E86B2920E1}.Release|x64.Build.0 = Release|x64
		{5FEBD49C-79A8-4101-92A2-10E86B2920E1}.Release|x86.ActiveCfg = Release|Win32
		{5FEBD49C-79A8-4101-92A2-10E86B2920E1}.Release|x86.Build.0 = Release|Win32
		{EEEEC0D8-6864-45E5-8633-4C4F4B9A99BA}.Debug|x64.ActiveCfg = Debug|x64
		{EEEEC0D8-6864-45E5-8633-4C4F4B9A99BA}.Debug|x64.Build.0 = Debug|x64
		{EEEEC0D8-6864-45E5-8633-4C4F4B9A99BA}.Debug|x86.ActiveCfg = Debug|Win32
		{EEEEC0D8-6864-45E5-8633-4C4F4B9A99BA}.Debug|x86.Build.0 = Debug|Win32
		{EEEEC0D8-6864-45E5-8633-4C4F4B9A99BA}.Release|x64.ActiveCfg = Release|x64
		{EEEEC0D8-6864-45E5-8633-4C4F4B9A99BA}.Release|x64.Build.0 = Release|x64
		{EEEEC0D8-6864-45E5-8633-4C4F4B9A99BA}.Release|x86.ActiveCfg = Release|Win32
		{EEEEC0D8-6864-45E5-8633-4C4F4B9A99BA}.Release|x86.Build.0 = Release|Win32
		{D2B63451-1762-4E03-9935-108F19A54E74}.Debug|x64.ActiveCfg = Debug|x64
		{D2B63451-1762-4E03-9935-108F19A54E74}.Debug|x64.Build.0 = Debug|x64
		{D2B63451-1762-4E03-9935-108F19A54E74}.Debug|x86.ActiveCfg = Debug|Win32
		{D2B63451-1762-4E03-9935-108F19A54E74}.Debug|x86.Build.0 = Debug|Win32
		{D2B63451-1762-4E03-9935-108F19A54E74}.Release|x64.ActiveCfg = Release|x64
		{D2B63451-1762-4E03-9935-108F19A54E74}.Release|x64.Build.0 = Release|x64
		{D2B63451-1762-4E03-9935-108F19A54E74}.Release|x86.ActiveCfg = Release|Win32
		{D2B63451-1762-4E03-9935-108F19A54E74}.Release|x86.Build.0 = Release|Win32
		{D83C387B-FB43-4FD4-952A-9EA9D6CC8910}.Debug|x64.ActiveCfg = Debug|x64
		{D83C387B-FB43-4FD4-952A-9EA9D6CC8910}.Debug|x64.Build.0 = Debug|x64
		{D83C387B-FB43-4FD4-952A-9EA9D6CC8910}.Debug|x86.ActiveCfg = Debug|Win32
		{D83C387B-FB43-4FD4-952A-9EA9D6CC8910}.Debug|x86.Build.0 = Debug|Win32
		{D83C387B-FB43-4FD4-952A-9EA9D6CC8910}.Release|x64.ActiveCfg = Release|x64
		{D83C387B-FB43-4FD4-952A-9EA9D6CC8910}.Release|x64.Build.0 = Release|x64
		{D83C387B-FB43-4FD4-952A-9EA9D6CC8910}.Release|x86.ActiveCfg = Release|Win32
		{D83C387B-FB43-4FD4-952A-9EA9D6CC8910}.Release|x86.Build.0 = Release|Win32
    {63E234EE-4CE8-4BE4-804C-92DE7E5DBC86}.Debug|x64.ActiveCfg = Debug|x64
		{63E234EE-4CE8-4BE4-804C-92DE7E5DBC86}.Debug|x64.Build.0 = Debug|x64
		{63E234EE-4CE8-4BE4-804C-92DE7E5DBC86}.Debug|x86.ActiveCfg = Debug|Win32
		{63E234EE-4CE8-4BE4-804C-92DE7E5DBC86}.Debug|x86.Build.0 = Debug|Win32
		{63E234EE-4CE8-4BE4-804C-92DE7E5DBC86}.Release|x64.ActiveCfg = Release|x64
		{63E234EE-4CE8-4BE4-804C-92DE7E5DBC86}.Release|x64.Build.0 = Release|x64
		{63E234EE-4CE8-4BE4-804C-92DE7E5DBC86}.Release|x86.ActiveCfg = Release|Win32
		{63E234EE-4CE8-4BE4-804C-92DE7E5DBC86}.Release|x86.Build.0 = Release|Win32
		{9F11EE71-C14A-4FDD-A354-E15BEA8B5895}.Debug|x64.ActiveCfg = Debug|x64
		{9F11EE71-C14A-4FDD-A354-E15BEA8B5895}.Debug|x64.Build.0 = Debug|x64
		{9F11EE71-C14A-4FDD-A354-E15BEA8B5895}.Debug|x86.ActiveCfg = Debug|Win32
		{9F11EE71-C14A-4FDD-A354-E15BEA8B5895}.Debug|x86.Build.0 = Debug|Win32
		{9F11EE71-C14A-4FDD-A354-E15BEA8B5895}.Release|x64.ActiveCfg = Release|x64
		{9F11EE71-C14A-4FDD-A354-E15BEA8B5895}.Release|x64.Build.0 = Release|x64
		{9F11EE71-C14A-4FDD-A354-E15BEA8B5895}.Release|x86.ActiveCfg = Release|Win32
		{9F11EE71-C14A-4FDD-A354-E15BEA8B5895}.Release|x86.Build.0 = Release|Win32
    {701DC422-FE86-4800-B98E-17F101B62611}.Debug|x64.ActiveCfg = Debug|x64
		{701DC422-FE86-4800-B98E-17F101B62611}.Debug|x64.Build.0 = Debug|x64
		{701DC422-FE86-4800-B98E-17F101B62611}.Debug|x86.ActiveCfg = Debug|Win32
		{701DC422-FE86-4800-B98E-17F101B62611}.Debug|x86.Build.0 = Debug|Win32
		{701DC422-FE86-4800-B98E-17F101B62611}.Release|x64.ActiveCfg = Release|x64
		{701DC422-FE86-4800-B98E-17F101B62611}.Release|x64.Build.0 = Release|x64
		{701DC422-FE86-4800-B98E-17F101B62611}.Release|x86.ActiveCfg = Release|Win32
		{701DC422-FE86-4800-B98E-17F101B62611}.Release|x86.Build.0 = Release|Win32
	EndGlobalSection
	GlobalSection(SolutionProperties) = preSolution
		HideSolutionNode = FALSE
	EndGlobalSection
	GlobalSection(ExtensibilityGlobals) = postSolution
		SolutionGuid = {220C2FF5-0E74-4513-B1A5-C425D61D1811}
	EndGlobalSection
EndGlobal
